
Microsoft Visual Studio Solution File, Format Version 12.00
# Visual Studio Version 17
VisualStudioVersion = 17.6.33829.357
MinimumVisualStudioVersion = 10.0.40219.1
Project("{FAE04EC0-301F-11D3-BF4B-00C04F79EFBC}") = "BatchFileGenerator", "BatchFileGenerator\BatchFileGenerator.csproj", "{197B6664-43EA-4BE1-A086-809C8D078D65}"
EndProject
Global
	GlobalSection(SolutionConfigurationPlatforms) = preSolution
		Debug|Any CPU = Debug|Any CPU
		Release|Any CPU = Release|Any CPU
	EndGlobalSection
	GlobalSection(ProjectConfigurationPlatforms) = postSolution
		{197B6664-43EA-4BE1-A086-809C8D078D65}.Debug|Any CPU.ActiveCfg = Debug|Any CPU
		{197B6664-43EA-4BE1-A086-809C8D078D65}.Debug|Any CPU.Build.0 = Debug|Any CPU
		{197B6664-43EA-4BE1-A086-809C8D078D65}.Release|Any CPU.ActiveCfg = Release|Any CPU
		{197B6664-43EA-4BE1-A086-809C8D078D65}.Release|Any CPU.Build.0 = Release|Any CPU
	EndGlobalSection
	GlobalSection(SolutionProperties) = preSolution
		HideSolutionNode = FALSE
	EndGlobalSection
	GlobalSection(ExtensibilityGlobals) = postSolution
		SolutionGuid = {4ADBA61A-1B71-4AFB-9248-DE392D6A373A}
	EndGlobalSection
EndGlobal
